
Microsoft Visual Studio Solution File, Format Version 12.00
# Visual Studio Version 16
VisualStudioVersion = 16.0.31321.278
MinimumVisualStudioVersion = 10.0.40219.1
Project("{9A19103F-16F7-4668-BE54-9A1E7A4F7556}") = "DbContextScaffoldOverride", "DbContextScaffoldOverride\DbContextScaffoldOverride.csproj", "{BEFAEA43-DD9C-4936-BE0F-53047526C026}"
EndProject
Project("{9A19103F-16F7-4668-BE54-9A1E7A4F7556}") = "STC.Data", "STC.Data\STC.Data.csproj", "{6D5B8D6C-85A6-427B-863B-5A776DBB0420}"
EndProject
Project("{9A19103F-16F7-4668-BE54-9A1E7A4F7556}") = "STC.Core", "STC.Core\STC.Core.csproj", "{4C2A4D49-038F-436F-A88F-DD18D21F4D6C}"
EndProject
Project("{9A19103F-16F7-4668-BE54-9A1E7A4F7556}") = "STC.Web.API", "STC.Web.API\STC.Web.API.csproj", "{F734A497-820A-4ED3-886B-8E266E1A3877}"
EndProject
Project("{9A19103F-16F7-4668-BE54-9A1E7A4F7556}") = "STC.Common", "STC.Common\STC.Common.csproj", "{AE033BF2-DE25-4DDC-845F-D8DB8432F581}"
EndProject
Project("{FAE04EC0-301F-11D3-BF4B-00C04F79EFBC}") = "STC.Test", "..\STC.Test\STC.Test\STC.Test.csproj", "{CC94E75C-D65B-471F-A391-F1D0FEEBFCFB}"
EndProject
Global
	GlobalSection(SolutionConfigurationPlatforms) = preSolution
		Debug|Any CPU = Debug|Any CPU
		Release|Any CPU = Release|Any CPU
	EndGlobalSection
	GlobalSection(ProjectConfigurationPlatforms) = postSolution
		{BEFAEA43-DD9C-4936-BE0F-53047526C026}.Debug|Any CPU.ActiveCfg = Debug|Any CPU
		{BEFAEA43-DD9C-4936-BE0F-53047526C026}.Debug|Any CPU.Build.0 = Debug|Any CPU
		{BEFAEA43-DD9C-4936-BE0F-53047526C026}.Release|Any CPU.ActiveCfg = Release|Any CPU
		{BEFAEA43-DD9C-4936-BE0F-53047526C026}.Release|Any CPU.Build.0 = Release|Any CPU
		{6D5B8D6C-85A6-427B-863B-5A776DBB0420}.Debug|Any CPU.ActiveCfg = Debug|Any CPU
		{6D5B8D6C-85A6-427B-863B-5A776DBB0420}.Debug|Any CPU.Build.0 = Debug|Any CPU
		{6D5B8D6C-85A6-427B-863B-5A776DBB0420}.Release|Any CPU.ActiveCfg = Release|Any CPU
		{6D5B8D6C-85A6-427B-863B-5A776DBB0420}.Release|Any CPU.Build.0 = Release|Any CPU
		{4C2A4D49-038F-436F-A88F-DD18D21F4D6C}.Debug|Any CPU.ActiveCfg = Debug|Any CPU
		{4C2A4D49-038F-436F-A88F-DD18D21F4D6C}.Debug|Any CPU.Build.0 = Debug|Any CPU
		{4C2A4D49-038F-436F-A88F-DD18D21F4D6C}.Release|Any CPU.ActiveCfg = Release|Any CPU
		{4C2A4D49-038F-436F-A88F-DD18D21F4D6C}.Release|Any CPU.Build.0 = Release|Any CPU
		{F734A497-820A-4ED3-886B-8E266E1A3877}.Debug|Any CPU.ActiveCfg = Debug|Any CPU
		{F734A497-820A-4ED3-886B-8E266E1A3877}.Debug|Any CPU.Build.0 = Debug|Any CPU
		{F734A497-820A-4ED3-886B-8E266E1A3877}.Release|Any CPU.ActiveCfg = Release|Any CPU
		{F734A497-820A-4ED3-886B-8E266E1A3877}.Release|Any CPU.Build.0 = Release|Any CPU
		{AE033BF2-DE25-4DDC-845F-D8DB8432F581}.Debug|Any CPU.ActiveCfg = Debug|Any CPU
		{AE033BF2-DE25-4DDC-845F-D8DB8432F581}.Debug|Any CPU.Build.0 = Debug|Any CPU
		{AE033BF2-DE25-4DDC-845F-D8DB8432F581}.Release|Any CPU.ActiveCfg = Release|Any CPU
		{AE033BF2-DE25-4DDC-845F-D8DB8432F581}.Release|Any CPU.Build.0 = Release|Any CPU
		{CC94E75C-D65B-471F-A391-F1D0FEEBFCFB}.Debug|Any CPU.ActiveCfg = Debug|Any CPU
		{CC94E75C-D65B-471F-A391-F1D0FEEBFCFB}.Debug|Any CPU.Build.0 = Debug|Any CPU
		{CC94E75C-D65B-471F-A391-F1D0FEEBFCFB}.Release|Any CPU.ActiveCfg = Release|Any CPU
		{CC94E75C-D65B-471F-A391-F1D0FEEBFCFB}.Release|Any CPU.Build.0 = Release|Any CPU
	EndGlobalSection
	GlobalSection(SolutionProperties) = preSolution
		HideSolutionNode = FALSE
	EndGlobalSection
	GlobalSection(ExtensibilityGlobals) = postSolution
		SolutionGuid = {04F9CFC2-FCE9-4565-9DB4-0559DB6E240E}
	EndGlobalSection
EndGlobal
